
Microsoft Visual Studio Solution File, Format Version 12.00
# Visual Studio Version 17
VisualStudioVersion = 17.10.35013.160
MinimumVisualStudioVersion = 10.0.40219.1
Project("{FAE04EC0-301F-11D3-BF4B-00C04F79EFBC}") = "MetinDüzeltme", "MetinDüzeltme\MetinDüzeltme.csproj", "{64D878A8-7B26-4293-ABB5-5D19D46AF6E3}"
EndProject
Global
	GlobalSection(SolutionConfigurationPlatforms) = preSolution
		Debug|Any CPU = Debug|Any CPU
		Release|Any CPU = Release|Any CPU
	EndGlobalSection
	GlobalSection(ProjectConfigurationPlatforms) = postSolution
		{64D878A8-7B26-4293-ABB5-5D19D46AF6E3}.Debug|Any CPU.ActiveCfg = Debug|Any CPU
		{64D878A8-7B26-4293-ABB5-5D19D46AF6E3}.Debug|Any CPU.Build.0 = Debug|Any CPU
		{64D878A8-7B26-4293-ABB5-5D19D46AF6E3}.Release|Any CPU.ActiveCfg = Release|Any CPU
		{64D878A8-7B26-4293-ABB5-5D19D46AF6E3}.Release|Any CPU.Build.0 = Release|Any CPU
	EndGlobalSection
	GlobalSection(SolutionProperties) = preSolution
		HideSolutionNode = FALSE
	EndGlobalSection
	GlobalSection(ExtensibilityGlobals) = postSolution
		SolutionGuid = {F4872040-7781-4228-9968-C461F034CA54}
	EndGlobalSection
EndGlobal
